<?xml version="1.0" encoding="utf-8"?>
<Project ToolsVersion="4.0" xmlns="http://schemas.microsoft.com/developer/msbuild/2003">
  <ItemGroup>
    <Filter Include="Source Files">
      <UniqueIdentifier>{4FC737F1-C7A5-4376-A066-2A32D752A2FF}</UniqueIdentifier>
      <Extensions>cpp;c;cc;cxx;def;odl;idl;hpj;bat;asm;asmx</Extensions>
    </Filter>
    <Filter Include="Header Files">
      <UniqueIdentifier>{93995380-89BD-4b04-88EB-625FBE52EBFB}</UniqueIdentifier>
      <Extensions>h;hh;hpp;hxx;hm;inl;inc;xsd</Extensions>
    </Filter>
    <Filter Include="Resource Files">
      <UniqueIdentifier>{67DA6AB6-F800-4c08-8B7A-83BB121AAD01}</UniqueIdentifier>
      <Extensions>rc;ico;cur;bmp;dlg;rc2;rct;bin;rgs;gif;jpg;jpeg;jpe;resx;tiff;tif;png;wav;mfcribbon-ms</Extensions>
    </Filter>
    <Filter Include="shader">
      <UniqueIdentifier>{40382ed1-b3f6-4471-b8ca-3ae23aaab977}</UniqueIdentifier>
    </Filter>
  </ItemGroup>
  <ItemGroup>
    <ClCompile Include="..\cavitypainter.cpp">
      <Filter>Source Files</Filter>
    </ClCompile>
    <ClCompile Include="..\src\CavityRenderer.cpp">
      <Filter>Source Files</Filter>
    </ClCompile>
    <ClCompile Include="..\src\SimulationParameters.cpp">
      <Filter>Source Files</Filter>
    </ClCompile>
  </ItemGroup>
  <ItemGroup>
    <ClInclude Include="..\src\CavityRenderer.hpp">
      <Filter>Header Files</Filter>
    </ClInclude>
    <ClInclude Include="..\src\SimulationParameters.hpp">
      <Filter>Header Files</Filter>
    </ClInclude>
  </ItemGroup>
  <ItemGroup>
    <None Include="..\shader\gridFragment.glsl">
      <Filter>shader</Filter>
    </None>
    <None Include="..\shader\gridVertex.glsl">
      <Filter>shader</Filter>
    </None>
    <None Include="..\shader\arrowFragment.glsl">
      <Filter>shader</Filter>
    </None>
    <None Include="..\shader\arrowVertex.glsl">
      <Filter>shader</Filter>
    </None>
    <None Include="..\shader\boundaryCellFragment.glsl">
      <Filter>shader</Filter>
    </None>
    <None Include="..\shader\boundaryCellVertex.glsl">
      <Filter>shader</Filter>
    </None>
    <None Include="..\shader\fieldFragment.glsl">
      <Filter>shader</Filter>
    </None>
    <None Include="..\shader\fieldVertex.glsl">
      <Filter>shader</Filter>
    </None>
    <None Include="..\shader\ibfvAdvectionFragment.glsl">
      <Filter>shader</Filter>
    </None>
    <None Include="..\shader\ibfvAdvectionVertex.glsl">
      <Filter>shader</Filter>
    </None>
    <None Include="..\shader\ibfvMergeFragment.glsl">
      <Filter>shader</Filter>
    </None>
    <None Include="..\shader\ibfvMergeVertex.glsl">
      <Filter>shader</Filter>
    </None>
    <None Include="..\shader\interfaceFragment.glsl">
      <Filter>shader</Filter>
    </None>
    <None Include="..\shader\interfaceVertex.glsl">
      <Filter>shader</Filter>
    </None>
    <None Include="..\shader\postProcFragment.glsl">
      <Filter>shader</Filter>
    </None>
    <None Include="..\shader\postProcVertex.glsl">
      <Filter>shader</Filter>
    </None>
  </ItemGroup>
</Project>